// !$*UTF8*$!
{
	archiveVersion = 1;
	classes = {
	};
	objectVersion = 50;
	objects = {

/* Begin PBXBuildFile section */
		B34521D623C5D08600822B31 /* CSAPP-three.c in Sources */ = {isa = PBXBuildFile; fileRef = B34521D523C5D08600822B31 /* CSAPP-three.c */; };
		B34FA2292490739100793F14 /* CSAPP-eight.c in Sources */ = {isa = PBXBuildFile; fileRef = B34FA2282490739100793F14 /* CSAPP-eight.c */; };
		B375F10B24357956002352E0 /* CSAPP-five.c in Sources */ = {isa = PBXBuildFile; fileRef = B375F10A24357956002352E0 /* CSAPP-five.c */; };
		B39DB8B623AE0C6400899FB8 /* main.c in Sources */ = {isa = PBXBuildFile; fileRef = B39DB8B523AE0C6400899FB8 /* main.c */; };
		B39DB8BD23AE0C7C00899FB8 /* CSAPP-two.c in Sources */ = {isa = PBXBuildFile; fileRef = B39DB8BC23AE0C7C00899FB8 /* CSAPP-two.c */; };
		B3A61092245FBCC700BC9651 /* CSAPP-six.c in Sources */ = {isa = PBXBuildFile; fileRef = B3A61091245FBCC700BC9651 /* CSAPP-six.c */; };
		B3C629FF2484960400774B71 /* CSAPP-seven.c in Sources */ = {isa = PBXBuildFile; fileRef = B3C629FE2484960400774B71 /* CSAPP-seven.c */; };
/* End PBXBuildFile section */

/* Begin PBXCopyFilesBuildPhase section */
		B39DB8B023AE0C6400899FB8 /* CopyFiles */ = {
			isa = PBXCopyFilesBuildPhase;
			buildActionMask = 2147483647;
			dstPath = /usr/share/man/man1/;
			dstSubfolderSpec = 0;
			files = (
			);
			runOnlyForDeploymentPostprocessing = 1;
		};
/* End PBXCopyFilesBuildPhase section */

/* Begin PBXFileReference section */
		B34521D423C5D08600822B31 /* CSAPP-three.h */ = {isa = PBXFileReference; lastKnownFileType = sourcecode.c.h; path = "CSAPP-three.h"; sourceTree = "<group>"; };
		B34521D523C5D08600822B31 /* CSAPP-three.c */ = {isa = PBXFileReference; lastKnownFileType = sourcecode.c.c; path = "CSAPP-three.c"; sourceTree = "<group>"; };
		B34FA2272490739100793F14 /* CSAPP-eight.h */ = {isa = PBXFileReference; lastKnownFileType = sourcecode.c.h; path = "CSAPP-eight.h"; sourceTree = "<group>"; };
		B34FA2282490739100793F14 /* CSAPP-eight.c */ = {isa = PBXFileReference; lastKnownFileType = sourcecode.c.c; path = "CSAPP-eight.c"; sourceTree = "<group>"; };
		B375F10924357956002352E0 /* CSAPP-five.h */ = {isa = PBXFileReference; lastKnownFileType = sourcecode.c.h; path = "CSAPP-five.h"; sourceTree = "<group>"; };
		B375F10A24357956002352E0 /* CSAPP-five.c */ = {isa = PBXFileReference; lastKnownFileType = sourcecode.c.c; path = "CSAPP-five.c"; sourceTree = "<group>"; };
		B39DB8B223AE0C6400899FB8 /* CSAPPExercise */ = {isa = PBXFileReference; explicitFileType = "compiled.mach-o.executable"; includeInIndex = 0; path = CSAPPExercise; sourceTree = BUILT_PRODUCTS_DIR; };
		B39DB8B523AE0C6400899FB8 /* main.c */ = {isa = PBXFileReference; lastKnownFileType = sourcecode.c.c; path = main.c; sourceTree = "<group>"; };
		B39DB8BC23AE0C7C00899FB8 /* CSAPP-two.c */ = {isa = PBXFileReference; fileEncoding = 4; lastKnownFileType = sourcecode.c.c; path = "CSAPP-two.c"; sourceTree = "<group>"; };
		B39DB8BE23AE0C8800899FB8 /* CSAPP-two.h */ = {isa = PBXFileReference; fileEncoding = 4; lastKnownFileType = sourcecode.c.h; path = "CSAPP-two.h"; sourceTree = "<group>"; };
		B3A61090245FBCC700BC9651 /* CSAPP-six.h */ = {isa = PBXFileReference; lastKnownFileType = sourcecode.c.h; path = "CSAPP-six.h"; sourceTree = "<group>"; };
		B3A61091245FBCC700BC9651 /* CSAPP-six.c */ = {isa = PBXFileReference; lastKnownFileType = sourcecode.c.c; path = "CSAPP-six.c"; sourceTree = "<group>"; };
		B3C629FD2484960400774B71 /* CSAPP-seven.h */ = {isa = PBXFileReference; lastKnownFileType = sourcecode.c.h; path = "CSAPP-seven.h"; sourceTree = "<group>"; };
		B3C629FE2484960400774B71 /* CSAPP-seven.c */ = {isa = PBXFileReference; lastKnownFileType = sourcecode.c.c; path = "CSAPP-seven.c"; sourceTree = "<group>"; };
/* End PBXFileReference section */

/* Begin PBXFrameworksBuildPhase section */
		B39DB8AF23AE0C6400899FB8 /* Frameworks */ = {
			isa = PBXFrameworksBuildPhase;
			buildActionMask = 2147483647;
			files = (
			);
			runOnlyForDeploymentPostprocessing = 0;
		};
/* End PBXFrameworksBuildPhase section */

/* Begin PBXGroup section */
		B39DB8A923AE0C6400899FB8 = {
			isa = PBXGroup;
			children = (
				B39DB8B423AE0C6400899FB8 /* CSAPPExercise */,
				B39DB8B323AE0C6400899FB8 /* Products */,
			);
			sourceTree = "<group>";
		};
		B39DB8B323AE0C6400899FB8 /* Products */ = {
			isa = PBXGroup;
			children = (
				B39DB8B223AE0C6400899FB8 /* CSAPPExercise */,
			);
			name = Products;
			sourceTree = "<group>";
		};
		B39DB8B423AE0C6400899FB8 /* CSAPPExercise */ = {
			isa = PBXGroup;
			children = (
				B39DB8B523AE0C6400899FB8 /* main.c */,
				B39DB8BE23AE0C8800899FB8 /* CSAPP-two.h */,
				B39DB8BC23AE0C7C00899FB8 /* CSAPP-two.c */,
				B34521D423C5D08600822B31 /* CSAPP-three.h */,
				B34521D523C5D08600822B31 /* CSAPP-three.c */,
				B375F10924357956002352E0 /* CSAPP-five.h */,
				B375F10A24357956002352E0 /* CSAPP-five.c */,
				B3A61090245FBCC700BC9651 /* CSAPP-six.h */,
				B3A61091245FBCC700BC9651 /* CSAPP-six.c */,
				B3C629FD2484960400774B71 /* CSAPP-seven.h */,
				B3C629FE2484960400774B71 /* CSAPP-seven.c */,
				B34FA2272490739100793F14 /* CSAPP-eight.h */,
				B34FA2282490739100793F14 /* CSAPP-eight.c */,
			);
			path = CSAPPExercise;
			sourceTree = "<group>";
		};
/* End PBXGroup section */

/* Begin PBXNativeTarget section */
		B39DB8B123AE0C6400899FB8 /* CSAPPExercise */ = {
			isa = PBXNativeTarget;
			buildConfigurationList = B39DB8B923AE0C6400899FB8 /* Build configuration list for PBXNativeTarget "CSAPPExercise" */;
			buildPhases = (
				B39DB8AE23AE0C6400899FB8 /* Sources */,
				B39DB8AF23AE0C6400899FB8 /* Frameworks */,
				B39DB8B023AE0C6400899FB8 /* CopyFiles */,
			);
			buildRules = (
			);
			dependencies = (
			);
			name = CSAPPExercise;
			productName = CSAPPExercise;
			productReference = B39DB8B223AE0C6400899FB8 /* CSAPPExercise */;
			productType = "com.apple.product-type.tool";
		};
/* End PBXNativeTarget section */

/* Begin PBXProject section */
		B39DB8AA23AE0C6400899FB8 /* Project object */ = {
			isa = PBXProject;
			attributes = {
				LastUpgradeCheck = 1110;
				ORGANIZATIONNAME = "彭作青";
				TargetAttributes = {
					B39DB8B123AE0C6400899FB8 = {
						CreatedOnToolsVersion = 11.1;
					};
				};
			};
			buildConfigurationList = B39DB8AD23AE0C6400899FB8 /* Build configuration list for PBXProject "CSAPPExercise" */;
			compatibilityVersion = "Xcode 9.3";
			developmentRegion = en;
			hasScannedForEncodings = 0;
			knownRegions = (
				en,
				Base,
			);
			mainGroup = B39DB8A923AE0C6400899FB8;
			productRefGroup = B39DB8B323AE0C6400899FB8 /* Products */;
			projectDirPath = "";
			projectRoot = "";
			targets = (
				B39DB8B123AE0C6400899FB8 /* CSAPPExercise */,
			);
		};
/* End PBXProject section */

/* Begin PBXSourcesBuildPhase section */
		B39DB8AE23AE0C6400899FB8 /* Sources */ = {
			isa = PBXSourcesBuildPhase;
			buildActionMask = 2147483647;
			files = (
				B34FA2292490739100793F14 /* CSAPP-eight.c in Sources */,
				B39DB8BD23AE0C7C00899FB8 /* CSAPP-two.c in Sources */,
				B39DB8B623AE0C6400899FB8 /* main.c in Sources */,
				B34521D623C5D08600822B31 /* CSAPP-three.c in Sources */,
				B375F10B24357956002352E0 /* CSAPP-five.c in Sources */,
				B3A61092245FBCC700BC9651 /* CSAPP-six.c in Sources */,
				B3C629FF2484960400774B71 /* CSAPP-seven.c in Sources */,
			);
			runOnlyForDeploymentPostprocessing = 0;
		};
/* End PBXSourcesBuildPhase section */

/* Begin XCBuildConfiguration section */
		B39DB8B723AE0C6400899FB8 /* Debug */ = {
			isa = XCBuildConfiguration;
			buildSettings = {
				ALWAYS_SEARCH_USER_PATHS = NO;
				CLANG_ANALYZER_NONNULL = YES;
				CLANG_ANALYZER_NUMBER_OBJECT_CONVERSION = YES_AGGRESSIVE;
				CLANG_CXX_LANGUAGE_STANDARD = "gnu++14";
				CLANG_CXX_LIBRARY = "libc++";
				CLANG_ENABLE_MODULES = YES;
				CLANG_ENABLE_OBJC_ARC = YES;
				CLANG_ENABLE_OBJC_WEAK = YES;
				CLANG_WARN_BLOCK_CAPTURE_AUTORELEASING = YES;
				CLANG_WARN_BOOL_CONVERSION = YES;
				CLANG_WARN_COMMA = YES;
				CLANG_WARN_CONSTANT_CONVERSION = YES;
				CLANG_WARN_DEPRECATED_OBJC_IMPLEMENTATIONS = YES;
				CLANG_WARN_DIRECT_OBJC_ISA_USAGE = YES_ERROR;
				CLANG_WARN_DOCUMENTATION_COMMENTS = YES;
				CLANG_WARN_EMPTY_BODY = YES;
				CLANG_WARN_ENUM_CONVERSION = YES;
				CLANG_WARN_INFINITE_RECURSION = YES;
				CLANG_WARN_INT_CONVERSION = YES;
				CLANG_WARN_NON_LITERAL_NULL_CONVERSION = YES;
				CLANG_WARN_OBJC_IMPLICIT_RETAIN_SELF = YES;
				CLANG_WARN_OBJC_LITERAL_CONVERSION = YES;
				CLANG_WARN_OBJC_ROOT_CLASS = YES_ERROR;
				CLANG_WARN_RANGE_LOOP_ANALYSIS = YES;
				CLANG_WARN_STRICT_PROTOTYPES = YES;
				CLANG_WARN_SUSPICIOUS_MOVE = YES;
				CLANG_WARN_UNGUARDED_AVAILABILITY = YES_AGGRESSIVE;
				CLANG_WARN_UNREACHABLE_CODE = YES;
				CLANG_WARN__DUPLICATE_METHOD_MATCH = YES;
				COPY_PHASE_STRIP = NO;
				DEBUG_INFORMATION_FORMAT = dwarf;
				ENABLE_STRICT_OBJC_MSGSEND = YES;
				ENABLE_TESTABILITY = YES;
				GCC_C_LANGUAGE_STANDARD = gnu11;
				GCC_DYNAMIC_NO_PIC = NO;
				GCC_NO_COMMON_BLOCKS = YES;
				GCC_OPTIMIZATION_LEVEL = 0;
				GCC_PREPROCESSOR_DEFINITIONS = (
					"DEBUG=1",
					"$(inherited)",
				);
				GCC_WARN_64_TO_32_BIT_CONVERSION = YES;
				GCC_WARN_ABOUT_RETURN_TYPE = YES_ERROR;
				GCC_WARN_UNDECLARED_SELECTOR = YES;
				GCC_WARN_UNINITIALIZED_AUTOS = YES_AGGRESSIVE;
				GCC_WARN_UNUSED_FUNCTION = YES;
				GCC_WARN_UNUSED_VARIABLE = YES;
				MACOSX_DEPLOYMENT_TARGET = 10.15;
				MTL_ENABLE_DEBUG_INFO = INCLUDE_SOURCE;
				MTL_FAST_MATH = YES;
				ONLY_ACTIVE_ARCH = YES;
				SDKROOT = macosx;
			};
			name = Debug;
		};
		B39DB8B823AE0C6400899FB8 /* Release */ = {
			isa = XCBuildConfiguration;
			buildSettings = {
				ALWAYS_SEARCH_USER_PATHS = NO;
				CLANG_ANALYZER_NONNULL = YES;
				CLANG_ANALYZER_NUMBER_OBJECT_CONVERSION = YES_AGGRESSIVE;
				CLANG_CXX_LANGUAGE_STANDARD = "gnu++14";
				CLANG_CXX_LIBRARY = "libc++";
				CLANG_ENABLE_MODULES = YES;
				CLANG_ENABLE_OBJC_ARC = YES;
				CLANG_ENABLE_OBJC_WEAK = YES;
				CLANG_WARN_BLOCK_CAPTURE_AUTORELEASING = YES;
				CLANG_WARN_BOOL_CONVERSION = YES;
				CLANG_WARN_COMMA = YES;
				CLANG_WARN_CONSTANT_CONVERSION = YES;
				CLANG_WARN_DEPRECATED_OBJC_IMPLEMENTATIONS = YES;
				CLANG_WARN_DIRECT_OBJC_ISA_USAGE = YES_ERROR;
				CLANG_WARN_DOCUMENTATION_COMMENTS = YES;
				CLANG_WARN_EMPTY_BODY = YES;
				CLANG_WARN_ENUM_CONVERSION = YES;
				CLANG_WARN_INFINITE_RECURSION = YES;
				CLANG_WARN_INT_CONVERSION = YES;
				CLANG_WARN_NON_LITERAL_NULL_CONVERSION = YES;
				CLANG_WARN_OBJC_IMPLICIT_RETAIN_SELF = YES;
				CLANG_WARN_OBJC_LITERAL_CONVERSION = YES;
				CLANG_WARN_OBJC_ROOT_CLASS = YES_ERROR;
				CLANG_WARN_RANGE_LOOP_ANALYSIS = YES;
				CLANG_WARN_STRICT_PROTOTYPES = YES;
				CLANG_WARN_SUSPICIOUS_MOVE = YES;
				CLANG_WARN_UNGUARDED_AVAILABILITY = YES_AGGRESSIVE;
				CLANG_WARN_UNREACHABLE_CODE = YES;
				CLANG_WARN__DUPLICATE_METHOD_MATCH = YES;
				COPY_PHASE_STRIP = NO;
				DEBUG_INFORMATION_FORMAT = "dwarf-with-dsym";
				ENABLE_NS_ASSERTIONS = NO;
				ENABLE_STRICT_OBJC_MSGSEND = YES;
				GCC_C_LANGUAGE_STANDARD = gnu11;
				GCC_NO_COMMON_BLOCKS = YES;
				GCC_WARN_64_TO_32_BIT_CONVERSION = YES;
				GCC_WARN_ABOUT_RETURN_TYPE = YES_ERROR;
				GCC_WARN_UNDECLARED_SELECTOR = YES;
				GCC_WARN_UNINITIALIZED_AUTOS = YES_AGGRESSIVE;
				GCC_WARN_UNUSED_FUNCTION = YES;
				GCC_WARN_UNUSED_VARIABLE = YES;
				MACOSX_DEPLOYMENT_TARGET = 10.15;
				MTL_ENABLE_DEBUG_INFO = NO;
				MTL_FAST_MATH = YES;
				SDKROOT = macosx;
			};
			name = Release;
		};
		B39DB8BA23AE0C6400899FB8 /* Debug */ = {
			isa = XCBuildConfiguration;
			buildSettings = {
				CODE_SIGN_STYLE = Automatic;
				PRODUCT_NAME = "$(TARGET_NAME)";
			};
			name = Debug;
		};
		B39DB8BB23AE0C6400899FB8 /* Release */ = {
			isa = XCBuildConfiguration;
			buildSettings = {
				CODE_SIGN_STYLE = Automatic;
				PRODUCT_NAME = "$(TARGET_NAME)";
			};
			name = Release;
		};
/* End XCBuildConfiguration section */

/* Begin XCConfigurationList section */
		B39DB8AD23AE0C6400899FB8 /* Build configuration list for PBXProject "CSAPPExercise" */ = {
			isa = XCConfigurationList;
			buildConfigurations = (
				B39DB8B723AE0C6400899FB8 /* Debug */,
				B39DB8B823AE0C6400899FB8 /* Release */,
			);
			defaultConfigurationIsVisible = 0;
			defaultConfigurationName = Release;
		};
		B39DB8B923AE0C6400899FB8 /* Build configuration list for PBXNativeTarget "CSAPPExercise" */ = {
			isa = XCConfigurationList;
			buildConfigurations = (
				B39DB8BA23AE0C6400899FB8 /* Debug */,
				B39DB8BB23AE0C6400899FB8 /* Release */,
			);
			defaultConfigurationIsVisible = 0;
			defaultConfigurationName = Release;
		};
/* End XCConfigurationList section */
	};
	rootObject = B39DB8AA23AE0C6400899FB8 /* Project object */;
}
